
Microsoft Visual Studio Solution File, Format Version 12.00
# Visual Studio Version 17
VisualStudioVersion = 17.3.32929.385
MinimumVisualStudioVersion = 10.0.40219.1
Project("{FAE04EC0-301F-11D3-BF4B-00C04F79EFBC}") = "ClientSwaggerApp", "ClientSwaggerApp\ClientSwaggerApp.csproj", "{8879D1C2-CEB3-4828-8F86-607A2234651E}"
EndProject
Global
	GlobalSection(SolutionConfigurationPlatforms) = preSolution
		Debug|Any CPU = Debug|Any CPU
		Release|Any CPU = Release|Any CPU
	EndGlobalSection
	GlobalSection(ProjectConfigurationPlatforms) = postSolution
		{8879D1C2-CEB3-4828-8F86-607A2234651E}.Debug|Any CPU.ActiveCfg = Debug|Any CPU
		{8879D1C2-CEB3-4828-8F86-607A2234651E}.Debug|Any CPU.Build.0 = Debug|Any CPU
		{8879D1C2-CEB3-4828-8F86-607A2234651E}.Release|Any CPU.ActiveCfg = Release|Any CPU
		{8879D1C2-CEB3-4828-8F86-607A2234651E}.Release|Any CPU.Build.0 = Release|Any CPU
	EndGlobalSection
	GlobalSection(SolutionProperties) = preSolution
		HideSolutionNode = FALSE
	EndGlobalSection
	GlobalSection(ExtensibilityGlobals) = postSolution
		SolutionGuid = {AE6ECCAA-8BEF-4A94-A86F-40BAB31DF286}
	EndGlobalSection
EndGlobal
